
Microsoft Visual Studio Solution File, Format Version 12.00
# Visual Studio 15
VisualStudioVersion = 15.0.28307.572
MinimumVisualStudioVersion = 10.0.40219.1
Project("{FAE04EC0-301F-11D3-BF4B-00C04F79EFBC}") = "Calculadora", "Calculadora\Calculadora.csproj", "{8002D797-8E8F-4694-8336-1E08E55ACF9C}"
EndProject
Global
	GlobalSection(SolutionConfigurationPlatforms) = preSolution
		Debug|Any CPU = Debug|Any CPU
		Release|Any CPU = Release|Any CPU
	EndGlobalSection
	GlobalSection(ProjectConfigurationPlatforms) = postSolution
		{8002D797-8E8F-4694-8336-1E08E55ACF9C}.Debug|Any CPU.ActiveCfg = Debug|Any CPU
		{8002D797-8E8F-4694-8336-1E08E55ACF9C}.Debug|Any CPU.Build.0 = Debug|Any CPU
		{8002D797-8E8F-4694-8336-1E08E55ACF9C}.Release|Any CPU.ActiveCfg = Release|Any CPU
		{8002D797-8E8F-4694-8336-1E08E55ACF9C}.Release|Any CPU.Build.0 = Release|Any CPU
	EndGlobalSection
	GlobalSection(SolutionProperties) = preSolution
		HideSolutionNode = FALSE
	EndGlobalSection
	GlobalSection(ExtensibilityGlobals) = postSolution
		SolutionGuid = {CAE7CF3C-8704-43BA-8EF7-8262E0FF53B1}
	EndGlobalSection
EndGlobal
